{
  "name": "simplebar",
  "version": "1.0.0",
  "lockfileVersion": 3,
  "requires": true,
  "packages": {
    "": {
      "name": "simplebar",
      "version": "1.0.0",
      "license": "ISC",
      "dependencies": {
        "@frsource/tiny-carousel-core": "^0.10.2",
        "nouislider": "^15.7.1",
        "parallax-js": "^3.1.0",
        "simplebar": "^6.2.5",
        "smooth-scroll": "^16.1.3",
        "tiny-slider": "^2.9.4"
      }
    },
    "node_modules/@frsource/frs-hide-scrollbar": {
      "version": "2.0.14",
      "resolved": "https://registry.npmjs.org/@frsource/frs-hide-scrollbar/-/frs-hide-scrollbar-2.0.14.tgz",
      "integrity": "sha512-0s/wQWWUO9cg1WS4kBQ1tUnMUgSDiF2hWt9fB1JU56QTsVAnkY3wWowBC91TG1C5/ztV5VgiQWv5GfigqhMPkA==",
      "peer": true
    },
    "node_modules/@frsource/tiny-carousel-core": {
      "version": "0.10.2",
      "resolved": "https://registry.npmjs.org/@frsource/tiny-carousel-core/-/tiny-carousel-core-0.10.2.tgz",
      "integrity": "sha512-IbX2+4tEGNXU+AWjWtABCuBUcRQ8upk/b+JvunS6KbC1L1qtOKHcX14TW7xb/tN0tMnQ3K95UGRRvULOOiVwKA==",
      "dependencies": {
        "@frsource/tiny-carousel-utils": "^0.6.0"
      },
      "peerDependencies": {
        "@frsource/frs-hide-scrollbar": "^2.0.5"
      }
    },
    "node_modules/@frsource/tiny-carousel-utils": {
      "version": "0.6.0",
      "resolved": "https://registry.npmjs.org/@frsource/tiny-carousel-utils/-/tiny-carousel-utils-0.6.0.tgz",
      "integrity": "sha512-pr+IKNSRX7b/GTnGuu5r8tNqqTl8t2JD4g9bgXsEY7+Tot/r9dX8k9CJKzLDOcgUijARWEZlvMaQebNlOvJAOg=="
    },
    "node_modules/@types/lodash": {
      "version": "4.14.198",
      "resolved": "https://registry.npmjs.org/@types/lodash/-/lodash-4.14.198.tgz",
      "integrity": "sha512-trNJ/vtMZYMLhfN45uLq4ShQSw0/S7xCTLLVM+WM1rmFpba/VS42jVUgaO3w/NOLiWR/09lnYk0yMaA/atdIsg=="
    },
    "node_modules/@types/lodash-es": {
      "version": "4.17.9",
      "resolved": "https://registry.npmjs.org/@types/lodash-es/-/lodash-es-4.17.9.tgz",
      "integrity": "sha512-ZTcmhiI3NNU7dEvWLZJkzG6ao49zOIjEgIE0RgV7wbPxU0f2xT3VSAHw2gmst8swH6V0YkLRGp4qPlX/6I90MQ==",
      "dependencies": {
        "@types/lodash": "*"
      }
    },
    "node_modules/can-use-dom": {
      "version": "0.1.0",
      "resolved": "https://registry.npmjs.org/can-use-dom/-/can-use-dom-0.1.0.tgz",
      "integrity": "sha512-ceOhN1DL7Y4O6M0j9ICgmTYziV89WMd96SvSl0REd8PMgrY0B/WBOPoed5S1KUmJqXgUXh8gzSe6E3ae27upsQ=="
    },
    "node_modules/lodash": {
      "version": "4.17.21",
      "resolved": "https://registry.npmjs.org/lodash/-/lodash-4.17.21.tgz",
      "integrity": "sha512-v2kDEe57lecTulaDIuNTPy3Ry4gLGJ6Z1O3vE1krgXZNrsQ+LFTGHVxVjcXPs17LhbZVGedAJv8XZ1tvj5FvSg=="
    },
    "node_modules/lodash-es": {
      "version": "4.17.21",
      "resolved": "https://registry.npmjs.org/lodash-es/-/lodash-es-4.17.21.tgz",
      "integrity": "sha512-mKnC+QJ9pWVzv+C4/U3rRsHapFfHvQFoFB92e52xeyGMcX6/OlIl78je1u8vePzYZSkkogMPJ2yjxxsb89cxyw=="
    },
    "node_modules/nouislider": {
      "version": "15.7.1",
      "resolved": "https://registry.npmjs.org/nouislider/-/nouislider-15.7.1.tgz",
      "integrity": "sha512-5N7C1ru/i8y3dg9+Z6ilj6+m1EfabvOoaRa7ztpxBSKKRZso4vA52DGSbBJjw5XLtFr/LZ9SgGAXqyVtlVHO5w=="
    },
    "node_modules/object-assign": {
      "version": "4.1.1",
      "resolved": "https://registry.npmjs.org/object-assign/-/object-assign-4.1.1.tgz",
      "integrity": "sha512-rJgTQnkUnH1sFw8yT6VSU3zD3sWmu6sZhIseY8VX+GRu3P6F7Fu+JNDoXfklElbLJSnc3FUQHVe4cU5hj+BcUg==",
      "engines": {
        "node": ">=0.10.0"
      }
    },
    "node_modules/parallax-js": {
      "version": "3.1.0",
      "resolved": "https://registry.npmjs.org/parallax-js/-/parallax-js-3.1.0.tgz",
      "integrity": "sha512-UONoPKSQykeNvFcemDPxYYDU/T89LSffoaZAwOMhDp0ABhmFPwthgn2GrfB7An9Qo+8nPZIuQeZsh2pWn1qN3A==",
      "dependencies": {
        "object-assign": "^4.1.1",
        "raf": "^3.3.0"
      }
    },
    "node_modules/performance-now": {
      "version": "2.1.0",
      "resolved": "https://registry.npmjs.org/performance-now/-/performance-now-2.1.0.tgz",
      "integrity": "sha512-7EAHlyLHI56VEIdK57uwHdHKIaAGbnXPiw0yWbarQZOKaKpvUIgW0jWRVLiatnM+XXlSwsanIBH/hzGMJulMow=="
    },
    "node_modules/raf": {
      "version": "3.4.1",
      "resolved": "https://registry.npmjs.org/raf/-/raf-3.4.1.tgz",
      "integrity": "sha512-Sq4CW4QhwOHE8ucn6J34MqtZCeWFP2aQSmrlroYgqAV1PjStIhJXxYuTgUIfkEk7zTLjmIjLmU5q+fbD1NnOJA==",
      "dependencies": {
        "performance-now": "^2.1.0"
      }
    },
    "node_modules/simplebar": {
      "version": "6.2.5",
      "resolved": "https://registry.npmjs.org/simplebar/-/simplebar-6.2.5.tgz",
      "integrity": "sha512-vfxKR6KNBsPx7+sZnqO7T8VuCvi4px6OlycrrkNgyjvoHhRW7LIyVkHhUfXxbz33Gw99Wb9UMMsnEZv35wtLSw==",
      "dependencies": {
        "can-use-dom": "^0.1.0",
        "simplebar-core": "^1.2.4"
      }
    },
    "node_modules/simplebar-core": {
      "version": "1.2.4",
      "resolved": "https://registry.npmjs.org/simplebar-core/-/simplebar-core-1.2.4.tgz",
      "integrity": "sha512-P+Sqshef4fq3++gQ82TgNYcgl3qZFSCP5jS2/8NMmw18oagXOijMzs1G+vm6RUY3oMvpwH3wGoqh9u6SyDjHfQ==",
      "dependencies": {
        "@types/lodash-es": "^4.17.6",
        "can-use-dom": "^0.1.0",
        "lodash": "^4.17.21",
        "lodash-es": "^4.17.21"
      }
    },
    "node_modules/smooth-scroll": {
      "version": "16.1.3",
      "resolved": "https://registry.npmjs.org/smooth-scroll/-/smooth-scroll-16.1.3.tgz",
      "integrity": "sha512-ca9U+neJS/cbdScTBuUTCZvUWNF2EuMCk7oAx3ImdeRK5FPm+xRo9XsVHIkeEVkn7MBRx+ufVEhyveM4ZhaTGA=="
    },
    "node_modules/tiny-slider": {
      "version": "2.9.4",
      "resolved": "https://registry.npmjs.org/tiny-slider/-/tiny-slider-2.9.4.tgz",
      "integrity": "sha512-LAs2kldWcY+BqCKw4kxd4CMx2RhWrHyEePEsymlOIISTlOVkjfK40sSD7ay73eKXBLg/UkluAZpcfCstimHXew=="
    }
  }
}
